// !$*UTF8*$!
{
	archiveVersion = 1;
	classes = {
	};
	objectVersion = 50;
	objects = {

/* Begin PBXBuildFile section */
		2E59C36D25FF43A300EDEA9B /* CSLogButton.swift in Sources */ = {isa = PBXBuildFile; fileRef = 2E59C36C25FF43A300EDEA9B /* CSLogButton.swift */; };
		2E59C37D25FF4B0300EDEA9B /* icon01.png in Resources */ = {isa = PBXBuildFile; fileRef = 2E59C37125FF4B0300EDEA9B /* icon01.png */; };
		2E59C37E25FF4B0300EDEA9B /* memo-background@2x.png in Resources */ = {isa = PBXBuildFile; fileRef = 2E59C37225FF4B0300EDEA9B /* memo-background@2x.png */; };
		2E59C37F25FF4B0300EDEA9B /* profile-bg.png in Resources */ = {isa = PBXBuildFile; fileRef = 2E59C37325FF4B0300EDEA9B /* profile-bg.png */; };
		2E59C38025FF4B0300EDEA9B /* icon02.png in Resources */ = {isa = PBXBuildFile; fileRef = 2E59C37425FF4B0300EDEA9B /* icon02.png */; };
		2E59C38125FF4B0300EDEA9B /* icon06.png in Resources */ = {isa = PBXBuildFile; fileRef = 2E59C37525FF4B0300EDEA9B /* icon06.png */; };
		2E59C38225FF4B0300EDEA9B /* icon03.png in Resources */ = {isa = PBXBuildFile; fileRef = 2E59C37625FF4B0300EDEA9B /* icon03.png */; };
		2E59C38325FF4B0300EDEA9B /* warning-icon-60@2x.png in Resources */ = {isa = PBXBuildFile; fileRef = 2E59C37725FF4B0300EDEA9B /* warning-icon-60@2x.png */; };
		2E59C38425FF4B0300EDEA9B /* button-bg.png in Resources */ = {isa = PBXBuildFile; fileRef = 2E59C37825FF4B0300EDEA9B /* button-bg.png */; };
		2E59C38525FF4B0300EDEA9B /* account@2x.jpg in Resources */ = {isa = PBXBuildFile; fileRef = 2E59C37925FF4B0300EDEA9B /* account@2x.jpg */; };
		2E59C38625FF4B0300EDEA9B /* icon04.png in Resources */ = {isa = PBXBuildFile; fileRef = 2E59C37A25FF4B0300EDEA9B /* icon04.png */; };
		2E59C38725FF4B0300EDEA9B /* icon05.png in Resources */ = {isa = PBXBuildFile; fileRef = 2E59C37B25FF4B0300EDEA9B /* icon05.png */; };
		2E59C38825FF4B0300EDEA9B /* sidemenu.png in Resources */ = {isa = PBXBuildFile; fileRef = 2E59C37C25FF4B0300EDEA9B /* sidemenu.png */; };
		2E756A9025F61E5000422F34 /* MemoFormVC.swift in Sources */ = {isa = PBXBuildFile; fileRef = 2E756A8F25F61E5000422F34 /* MemoFormVC.swift */; };
		2E756A9325F61E6D00422F34 /* MemoReadVC.swift in Sources */ = {isa = PBXBuildFile; fileRef = 2E756A9225F61E6D00422F34 /* MemoReadVC.swift */; };
		2EC8BF9625F61FBD007D0621 /* MemoCell.swift in Sources */ = {isa = PBXBuildFile; fileRef = 2EC8BF9525F61FBD007D0621 /* MemoCell.swift */; };
		2EC8BF9925F6211B007D0621 /* MemoData.swift in Sources */ = {isa = PBXBuildFile; fileRef = 2EC8BF9825F6211B007D0621 /* MemoData.swift */; };
		2EC8BF9E25F647AD007D0621 /* MemoListVC.swift in Sources */ = {isa = PBXBuildFile; fileRef = 2EC8BF9D25F647AD007D0621 /* MemoListVC.swift */; };
		2EEC997D2600726E00C04591 /* SWRevealViewController.m in Sources */ = {isa = PBXBuildFile; fileRef = 2EEC997C2600726E00C04591 /* SWRevealViewController.m */; };
		99EA409225F4629400557373 /* AppDelegate.swift in Sources */ = {isa = PBXBuildFile; fileRef = 99EA409125F4629400557373 /* AppDelegate.swift */; };
		99EA409425F4629400557373 /* SceneDelegate.swift in Sources */ = {isa = PBXBuildFile; fileRef = 99EA409325F4629400557373 /* SceneDelegate.swift */; };
		99EA409925F4629400557373 /* Main.storyboard in Resources */ = {isa = PBXBuildFile; fileRef = 99EA409725F4629400557373 /* Main.storyboard */; };
		99EA409C25F4629400557373 /* MyMemory.xcdatamodeld in Sources */ = {isa = PBXBuildFile; fileRef = 99EA409A25F4629400557373 /* MyMemory.xcdatamodeld */; };
		99EA409E25F4629500557373 /* Assets.xcassets in Resources */ = {isa = PBXBuildFile; fileRef = 99EA409D25F4629500557373 /* Assets.xcassets */; };
		99EA40A125F4629500557373 /* LaunchScreen.storyboard in Resources */ = {isa = PBXBuildFile; fileRef = 99EA409F25F4629500557373 /* LaunchScreen.storyboard */; };
/* End PBXBuildFile section */

/* Begin PBXFileReference section */
		2E59C36C25FF43A300EDEA9B /* CSLogButton.swift */ = {isa = PBXFileReference; lastKnownFileType = sourcecode.swift; path = CSLogButton.swift; sourceTree = "<group>"; };
		2E59C37125FF4B0300EDEA9B /* icon01.png */ = {isa = PBXFileReference; lastKnownFileType = image.png; path = icon01.png; sourceTree = "<group>"; };
		2E59C37225FF4B0300EDEA9B /* memo-background@2x.png */ = {isa = PBXFileReference; lastKnownFileType = image.png; path = "memo-background@2x.png"; sourceTree = "<group>"; };
		2E59C37325FF4B0300EDEA9B /* profile-bg.png */ = {isa = PBXFileReference; lastKnownFileType = image.png; path = "profile-bg.png"; sourceTree = "<group>"; };
		2E59C37425FF4B0300EDEA9B /* icon02.png */ = {isa = PBXFileReference; lastKnownFileType = image.png; path = icon02.png; sourceTree = "<group>"; };
		2E59C37525FF4B0300EDEA9B /* icon06.png */ = {isa = PBXFileReference; lastKnownFileType = image.png; path = icon06.png; sourceTree = "<group>"; };
		2E59C37625FF4B0300EDEA9B /* icon03.png */ = {isa = PBXFileReference; lastKnownFileType = image.png; path = icon03.png; sourceTree = "<group>"; };
		2E59C37725FF4B0300EDEA9B /* warning-icon-60@2x.png */ = {isa = PBXFileReference; lastKnownFileType = image.png; path = "warning-icon-60@2x.png"; sourceTree = "<group>"; };
		2E59C37825FF4B0300EDEA9B /* button-bg.png */ = {isa = PBXFileReference; lastKnownFileType = image.png; path = "button-bg.png"; sourceTree = "<group>"; };
		2E59C37925FF4B0300EDEA9B /* account@2x.jpg */ = {isa = PBXFileReference; lastKnownFileType = image.jpeg; path = "account@2x.jpg"; sourceTree = "<group>"; };
		2E59C37A25FF4B0300EDEA9B /* icon04.png */ = {isa = PBXFileReference; lastKnownFileType = image.png; path = icon04.png; sourceTree = "<group>"; };
		2E59C37B25FF4B0300EDEA9B /* icon05.png */ = {isa = PBXFileReference; lastKnownFileType = image.png; path = icon05.png; sourceTree = "<group>"; };
		2E59C37C25FF4B0300EDEA9B /* sidemenu.png */ = {isa = PBXFileReference; lastKnownFileType = image.png; path = sidemenu.png; sourceTree = "<group>"; };
		2E756A8F25F61E5000422F34 /* MemoFormVC.swift */ = {isa = PBXFileReference; lastKnownFileType = sourcecode.swift; path = MemoFormVC.swift; sourceTree = "<group>"; };
		2E756A9225F61E6D00422F34 /* MemoReadVC.swift */ = {isa = PBXFileReference; lastKnownFileType = sourcecode.swift; path = MemoReadVC.swift; sourceTree = "<group>"; };
		2EC8BF9525F61FBD007D0621 /* MemoCell.swift */ = {isa = PBXFileReference; lastKnownFileType = sourcecode.swift; path = MemoCell.swift; sourceTree = "<group>"; };
		2EC8BF9825F6211B007D0621 /* MemoData.swift */ = {isa = PBXFileReference; lastKnownFileType = sourcecode.swift; path = MemoData.swift; sourceTree = "<group>"; };
		2EC8BF9D25F647AD007D0621 /* MemoListVC.swift */ = {isa = PBXFileReference; lastKnownFileType = sourcecode.swift; path = MemoListVC.swift; sourceTree = "<group>"; };
		2EEC997A2600726E00C04591 /* MyMemory-Bridging-Header.h */ = {isa = PBXFileReference; lastKnownFileType = sourcecode.c.h; path = "MyMemory-Bridging-Header.h"; sourceTree = "<group>"; };
		2EEC997B2600726E00C04591 /* SWRevealViewController.h */ = {isa = PBXFileReference; fileEncoding = 4; lastKnownFileType = sourcecode.c.h; path = SWRevealViewController.h; sourceTree = "<group>"; };
		2EEC997C2600726E00C04591 /* SWRevealViewController.m */ = {isa = PBXFileReference; fileEncoding = 4; lastKnownFileType = sourcecode.c.objc; path = SWRevealViewController.m; sourceTree = "<group>"; };
		99EA408E25F4629400557373 /* MyMemory.app */ = {isa = PBXFileReference; explicitFileType = wrapper.application; includeInIndex = 0; path = MyMemory.app; sourceTree = BUILT_PRODUCTS_DIR; };
		99EA409125F4629400557373 /* AppDelegate.swift */ = {isa = PBXFileReference; lastKnownFileType = sourcecode.swift; path = AppDelegate.swift; sourceTree = "<group>"; };
		99EA409325F4629400557373 /* SceneDelegate.swift */ = {isa = PBXFileReference; lastKnownFileType = sourcecode.swift; path = SceneDelegate.swift; sourceTree = "<group>"; };
		99EA409825F4629400557373 /* Base */ = {isa = PBXFileReference; lastKnownFileType = file.storyboard; name = Base; path = Base.lproj/Main.storyboard; sourceTree = "<group>"; };
		99EA409B25F4629400557373 /* MyMemory.xcdatamodel */ = {isa = PBXFileReference; lastKnownFileType = wrapper.xcdatamodel; path = MyMemory.xcdatamodel; sourceTree = "<group>"; };
		99EA409D25F4629500557373 /* Assets.xcassets */ = {isa = PBXFileReference; lastKnownFileType = folder.assetcatalog; path = Assets.xcassets; sourceTree = "<group>"; };
		99EA40A025F4629500557373 /* Base */ = {isa = PBXFileReference; lastKnownFileType = file.storyboard; name = Base; path = Base.lproj/LaunchScreen.storyboard; sourceTree = "<group>"; };
		99EA40A225F4629500557373 /* Info.plist */ = {isa = PBXFileReference; lastKnownFileType = text.plist.xml; path = Info.plist; sourceTree = "<group>"; };
/* End PBXFileReference section */

/* Begin PBXFrameworksBuildPhase section */
		99EA408B25F4629400557373 /* Frameworks */ = {
			isa = PBXFrameworksBuildPhase;
			buildActionMask = 2147483647;
			files = (
			);
			runOnlyForDeploymentPostprocessing = 0;
		};
/* End PBXFrameworksBuildPhase section */

/* Begin PBXGroup section */
		2E59C36F25FF443900EDEA9B /* Resources */ = {
			isa = PBXGroup;
			children = (
				2E59C37925FF4B0300EDEA9B /* account@2x.jpg */,
				2E59C37825FF4B0300EDEA9B /* button-bg.png */,
				2E59C37125FF4B0300EDEA9B /* icon01.png */,
				2E59C37425FF4B0300EDEA9B /* icon02.png */,
				2E59C37625FF4B0300EDEA9B /* icon03.png */,
				2E59C37A25FF4B0300EDEA9B /* icon04.png */,
				2E59C37B25FF4B0300EDEA9B /* icon05.png */,
				2E59C37525FF4B0300EDEA9B /* icon06.png */,
				2E59C37225FF4B0300EDEA9B /* memo-background@2x.png */,
				2E59C37325FF4B0300EDEA9B /* profile-bg.png */,
				2E59C37C25FF4B0300EDEA9B /* sidemenu.png */,
				2E59C37725FF4B0300EDEA9B /* warning-icon-60@2x.png */,
			);
			path = Resources;
			sourceTree = "<group>";
		};
		99EA408525F4629400557373 = {
			isa = PBXGroup;
			children = (
				2E59C36F25FF443900EDEA9B /* Resources */,
				99EA409025F4629400557373 /* MyMemory */,
				99EA408F25F4629400557373 /* Products */,
			);
			sourceTree = "<group>";
		};
		99EA408F25F4629400557373 /* Products */ = {
			isa = PBXGroup;
			children = (
				99EA408E25F4629400557373 /* MyMemory.app */,
			);
			name = Products;
			sourceTree = "<group>";
		};
		99EA409025F4629400557373 /* MyMemory */ = {
			isa = PBXGroup;
			children = (
				2EEC997B2600726E00C04591 /* SWRevealViewController.h */,
				2EEC997C2600726E00C04591 /* SWRevealViewController.m */,
				2E756A9225F61E6D00422F34 /* MemoReadVC.swift */,
				2E756A8F25F61E5000422F34 /* MemoFormVC.swift */,
				99EA409125F4629400557373 /* AppDelegate.swift */,
				99EA409325F4629400557373 /* SceneDelegate.swift */,
				99EA409725F4629400557373 /* Main.storyboard */,
				2E59C36C25FF43A300EDEA9B /* CSLogButton.swift */,
				2EC8BF9525F61FBD007D0621 /* MemoCell.swift */,
				2EC8BF9D25F647AD007D0621 /* MemoListVC.swift */,
				2EC8BF9825F6211B007D0621 /* MemoData.swift */,
				99EA409D25F4629500557373 /* Assets.xcassets */,
				99EA409F25F4629500557373 /* LaunchScreen.storyboard */,
				99EA40A225F4629500557373 /* Info.plist */,
				99EA409A25F4629400557373 /* MyMemory.xcdatamodeld */,
				2EEC997A2600726E00C04591 /* MyMemory-Bridging-Header.h */,
			);
			path = MyMemory;
			sourceTree = "<group>";
		};
/* End PBXGroup section */

/* Begin PBXNativeTarget section */
		99EA408D25F4629400557373 /* MyMemory */ = {
			isa = PBXNativeTarget;
			buildConfigurationList = 99EA40A525F4629500557373 /* Build configuration list for PBXNativeTarget "MyMemory" */;
			buildPhases = (
				99EA408A25F4629400557373 /* Sources */,
				99EA408B25F4629400557373 /* Frameworks */,
				99EA408C25F4629400557373 /* Resources */,
			);
			buildRules = (
			);
			dependencies = (
			);
			name = MyMemory;
			productName = MyMemory;
			productReference = 99EA408E25F4629400557373 /* MyMemory.app */;
			productType = "com.apple.product-type.application";
		};
/* End PBXNativeTarget section */

/* Begin PBXProject section */
		99EA408625F4629400557373 /* Project object */ = {
			isa = PBXProject;
			attributes = {
				LastSwiftUpdateCheck = 1220;
				LastUpgradeCheck = 1220;
				TargetAttributes = {
					99EA408D25F4629400557373 = {
						CreatedOnToolsVersion = 12.2;
						LastSwiftMigration = 1240;
					};
				};
			};
			buildConfigurationList = 99EA408925F4629400557373 /* Build configuration list for PBXProject "MyMemory" */;
			compatibilityVersion = "Xcode 9.3";
			developmentRegion = en;
			hasScannedForEncodings = 0;
			knownRegions = (
				en,
				Base,
			);
			mainGroup = 99EA408525F4629400557373;
			productRefGroup = 99EA408F25F4629400557373 /* Products */;
			projectDirPath = "";
			projectRoot = "";
			targets = (
				99EA408D25F4629400557373 /* MyMemory */,
			);
		};
/* End PBXProject section */

/* Begin PBXResourcesBuildPhase section */
		99EA408C25F4629400557373 /* Resources */ = {
			isa = PBXResourcesBuildPhase;
			buildActionMask = 2147483647;
			files = (
				2E59C38525FF4B0300EDEA9B /* account@2x.jpg in Resources */,
				2E59C38625FF4B0300EDEA9B /* icon04.png in Resources */,
				2E59C38225FF4B0300EDEA9B /* icon03.png in Resources */,
				2E59C37E25FF4B0300EDEA9B /* memo-background@2x.png in Resources */,
				99EA40A125F4629500557373 /* LaunchScreen.storyboard in Resources */,
				99EA409E25F4629500557373 /* Assets.xcassets in Resources */,
				2E59C38425FF4B0300EDEA9B /* button-bg.png in Resources */,
				2E59C38725FF4B0300EDEA9B /* icon05.png in Resources */,
				2E59C38025FF4B0300EDEA9B /* icon02.png in Resources */,
				2E59C38125FF4B0300EDEA9B /* icon06.png in Resources */,
				2E59C38325FF4B0300EDEA9B /* warning-icon-60@2x.png in Resources */,
				99EA409925F4629400557373 /* Main.storyboard in Resources */,
				2E59C38825FF4B0300EDEA9B /* sidemenu.png in Resources */,
				2E59C37F25FF4B0300EDEA9B /* profile-bg.png in Resources */,
				2E59C37D25FF4B0300EDEA9B /* icon01.png in Resources */,
			);
			runOnlyForDeploymentPostprocessing = 0;
		};
/* End PBXResourcesBuildPhase section */

/* Begin PBXSourcesBuildPhase section */
		99EA408A25F4629400557373 /* Sources */ = {
			isa = PBXSourcesBuildPhase;
			buildActionMask = 2147483647;
			files = (
				2E59C36D25FF43A300EDEA9B /* CSLogButton.swift in Sources */,
				99EA409C25F4629400557373 /* MyMemory.xcdatamodeld in Sources */,
				2EC8BF9925F6211B007D0621 /* MemoData.swift in Sources */,
				2E756A9025F61E5000422F34 /* MemoFormVC.swift in Sources */,
				2E756A9325F61E6D00422F34 /* MemoReadVC.swift in Sources */,
				99EA409225F4629400557373 /* AppDelegate.swift in Sources */,
				2EC8BF9625F61FBD007D0621 /* MemoCell.swift in Sources */,
				2EEC997D2600726E00C04591 /* SWRevealViewController.m in Sources */,
				2EC8BF9E25F647AD007D0621 /* MemoListVC.swift in Sources */,
				99EA409425F4629400557373 /* SceneDelegate.swift in Sources */,
			);
			runOnlyForDeploymentPostprocessing = 0;
		};
/* End PBXSourcesBuildPhase section */

/* Begin PBXVariantGroup section */
		99EA409725F4629400557373 /* Main.storyboard */ = {
			isa = PBXVariantGroup;
			children = (
				99EA409825F4629400557373 /* Base */,
			);
			name = Main.storyboard;
			sourceTree = "<group>";
		};
		99EA409F25F4629500557373 /* LaunchScreen.storyboard */ = {
			isa = PBXVariantGroup;
			children = (
				99EA40A025F4629500557373 /* Base */,
			);
			name = LaunchScreen.storyboard;
			sourceTree = "<group>";
		};
/* End PBXVariantGroup section */

/* Begin XCBuildConfiguration section */
		99EA40A325F4629500557373 /* Debug */ = {
			isa = XCBuildConfiguration;
			buildSettings = {
				ALWAYS_SEARCH_USER_PATHS = NO;
				CLANG_ANALYZER_NONNULL = YES;
				CLANG_ANALYZER_NUMBER_OBJECT_CONVERSION = YES_AGGRESSIVE;
				CLANG_CXX_LANGUAGE_STANDARD = "gnu++14";
				CLANG_CXX_LIBRARY = "libc++";
				CLANG_ENABLE_MODULES = YES;
				CLANG_ENABLE_OBJC_ARC = YES;
				CLANG_ENABLE_OBJC_WEAK = YES;
				CLANG_WARN_BLOCK_CAPTURE_AUTORELEASING = YES;
				CLANG_WARN_BOOL_CONVERSION = YES;
				CLANG_WARN_COMMA = YES;
				CLANG_WARN_CONSTANT_CONVERSION = YES;
				CLANG_WARN_DEPRECATED_OBJC_IMPLEMENTATIONS = YES;
				CLANG_WARN_DIRECT_OBJC_ISA_USAGE = YES_ERROR;
				CLANG_WARN_DOCUMENTATION_COMMENTS = YES;
				CLANG_WARN_EMPTY_BODY = YES;
				CLANG_WARN_ENUM_CONVERSION = YES;
				CLANG_WARN_INFINITE_RECURSION = YES;
				CLANG_WARN_INT_CONVERSION = YES;
				CLANG_WARN_NON_LITERAL_NULL_CONVERSION = YES;
				CLANG_WARN_OBJC_IMPLICIT_RETAIN_SELF = YES;
				CLANG_WARN_OBJC_LITERAL_CONVERSION = YES;
				CLANG_WARN_OBJC_ROOT_CLASS = YES_ERROR;
				CLANG_WARN_QUOTED_INCLUDE_IN_FRAMEWORK_HEADER = YES;
				CLANG_WARN_RANGE_LOOP_ANALYSIS = YES;
				CLANG_WARN_STRICT_PROTOTYPES = YES;
				CLANG_WARN_SUSPICIOUS_MOVE = YES;
				CLANG_WARN_UNGUARDED_AVAILABILITY = YES_AGGRESSIVE;
				CLANG_WARN_UNREACHABLE_CODE = YES;
				CLANG_WARN__DUPLICATE_METHOD_MATCH = YES;
				COPY_PHASE_STRIP = NO;
				DEBUG_INFORMATION_FORMAT = dwarf;
				ENABLE_STRICT_OBJC_MSGSEND = YES;
				ENABLE_TESTABILITY = YES;
				GCC_C_LANGUAGE_STANDARD = gnu11;
				GCC_DYNAMIC_NO_PIC = NO;
				GCC_NO_COMMON_BLOCKS = YES;
				GCC_OPTIMIZATION_LEVEL = 0;
				GCC_PREPROCESSOR_DEFINITIONS = (
					"DEBUG=1",
					"$(inherited)",
				);
				GCC_WARN_64_TO_32_BIT_CONVERSION = YES;
				GCC_WARN_ABOUT_RETURN_TYPE = YES_ERROR;
				GCC_WARN_UNDECLARED_SELECTOR = YES;
				GCC_WARN_UNINITIALIZED_AUTOS = YES_AGGRESSIVE;
				GCC_WARN_UNUSED_FUNCTION = YES;
				GCC_WARN_UNUSED_VARIABLE = YES;
				IPHONEOS_DEPLOYMENT_TARGET = 14.2;
				MTL_ENABLE_DEBUG_INFO = INCLUDE_SOURCE;
				MTL_FAST_MATH = YES;
				ONLY_ACTIVE_ARCH = YES;
				SDKROOT = iphoneos;
				SWIFT_ACTIVE_COMPILATION_CONDITIONS = DEBUG;
				SWIFT_OPTIMIZATION_LEVEL = "-Onone";
			};
			name = Debug;
		};
		99EA40A425F4629500557373 /* Release */ = {
			isa = XCBuildConfiguration;
			buildSettings = {
				ALWAYS_SEARCH_USER_PATHS = NO;
				CLANG_ANALYZER_NONNULL = YES;
				CLANG_ANALYZER_NUMBER_OBJECT_CONVERSION = YES_AGGRESSIVE;
				CLANG_CXX_LANGUAGE_STANDARD = "gnu++14";
				CLANG_CXX_LIBRARY = "libc++";
				CLANG_ENABLE_MODULES = YES;
				CLANG_ENABLE_OBJC_ARC = YES;
				CLANG_ENABLE_OBJC_WEAK = YES;
				CLANG_WARN_BLOCK_CAPTURE_AUTORELEASING = YES;
				CLANG_WARN_BOOL_CONVERSION = YES;
				CLANG_WARN_COMMA = YES;
				CLANG_WARN_CONSTANT_CONVERSION = YES;
				CLANG_WARN_DEPRECATED_OBJC_IMPLEMENTATIONS = YES;
				CLANG_WARN_DIRECT_OBJC_ISA_USAGE = YES_ERROR;
				CLANG_WARN_DOCUMENTATION_COMMENTS = YES;
				CLANG_WARN_EMPTY_BODY = YES;
				CLANG_WARN_ENUM_CONVERSION = YES;
				CLANG_WARN_INFINITE_RECURSION = YES;
				CLANG_WARN_INT_CONVERSION = YES;
				CLANG_WARN_NON_LITERAL_NULL_CONVERSION = YES;
				CLANG_WARN_OBJC_IMPLICIT_RETAIN_SELF = YES;
				CLANG_WARN_OBJC_LITERAL_CONVERSION = YES;
				CLANG_WARN_OBJC_ROOT_CLASS = YES_ERROR;
				CLANG_WARN_QUOTED_INCLUDE_IN_FRAMEWORK_HEADER = YES;
				CLANG_WARN_RANGE_LOOP_ANALYSIS = YES;
				CLANG_WARN_STRICT_PROTOTYPES = YES;
				CLANG_WARN_SUSPICIOUS_MOVE = YES;
				CLANG_WARN_UNGUARDED_AVAILABILITY = YES_AGGRESSIVE;
				CLANG_WARN_UNREACHABLE_CODE = YES;
				CLANG_WARN__DUPLICATE_METHOD_MATCH = YES;
				COPY_PHASE_STRIP = NO;
				DEBUG_INFORMATION_FORMAT = "dwarf-with-dsym";
				ENABLE_NS_ASSERTIONS = NO;
				ENABLE_STRICT_OBJC_MSGSEND = YES;
				GCC_C_LANGUAGE_STANDARD = gnu11;
				GCC_NO_COMMON_BLOCKS = YES;
				GCC_WARN_64_TO_32_BIT_CONVERSION = YES;
				GCC_WARN_ABOUT_RETURN_TYPE = YES_ERROR;
				GCC_WARN_UNDECLARED_SELECTOR = YES;
				GCC_WARN_UNINITIALIZED_AUTOS = YES_AGGRESSIVE;
				GCC_WARN_UNUSED_FUNCTION = YES;
				GCC_WARN_UNUSED_VARIABLE = YES;
				IPHONEOS_DEPLOYMENT_TARGET = 14.2;
				MTL_ENABLE_DEBUG_INFO = NO;
				MTL_FAST_MATH = YES;
				SDKROOT = iphoneos;
				SWIFT_COMPILATION_MODE = wholemodule;
				SWIFT_OPTIMIZATION_LEVEL = "-O";
				VALIDATE_PRODUCT = YES;
			};
			name = Release;
		};
		99EA40A625F4629500557373 /* Debug */ = {
			isa = XCBuildConfiguration;
			buildSettings = {
				ASSETCATALOG_COMPILER_APPICON_NAME = AppIcon;
				ASSETCATALOG_COMPILER_GLOBAL_ACCENT_COLOR_NAME = AccentColor;
				CLANG_ENABLE_MODULES = YES;
				CODE_SIGN_STYLE = Automatic;
				INFOPLIST_FILE = MyMemory/Info.plist;
				LD_RUNPATH_SEARCH_PATHS = (
					"$(inherited)",
					"@executable_path/Frameworks",
				);
				PRODUCT_BUNDLE_IDENTIFIER = wave.MyMemory;
				PRODUCT_NAME = "$(TARGET_NAME)";
				SWIFT_OBJC_BRIDGING_HEADER = "MyMemory/MyMemory-Bridging-Header.h";
				SWIFT_OPTIMIZATION_LEVEL = "-Onone";
				SWIFT_VERSION = 5.0;
				TARGETED_DEVICE_FAMILY = 1;
			};
			name = Debug;
		};
		99EA40A725F4629500557373 /* Release */ = {
			isa = XCBuildConfiguration;
			buildSettings = {
				ASSETCATALOG_COMPILER_APPICON_NAME = AppIcon;
				ASSETCATALOG_COMPILER_GLOBAL_ACCENT_COLOR_NAME = AccentColor;
				CLANG_ENABLE_MODULES = YES;
				CODE_SIGN_STYLE = Automatic;
				INFOPLIST_FILE = MyMemory/Info.plist;
				LD_RUNPATH_SEARCH_PATHS = (
					"$(inherited)",
					"@executable_path/Frameworks",
				);
				PRODUCT_BUNDLE_IDENTIFIER = wave.MyMemory;
				PRODUCT_NAME = "$(TARGET_NAME)";
				SWIFT_OBJC_BRIDGING_HEADER = "MyMemory/MyMemory-Bridging-Header.h";
				SWIFT_VERSION = 5.0;
				TARGETED_DEVICE_FAMILY = 1;
			};
			name = Release;
		};
/* End XCBuildConfiguration section */

/* Begin XCConfigurationList section */
		99EA408925F4629400557373 /* Build configuration list for PBXProject "MyMemory" */ = {
			isa = XCConfigurationList;
			buildConfigurations = (
				99EA40A325F4629500557373 /* Debug */,
				99EA40A425F4629500557373 /* Release */,
			);
			defaultConfigurationIsVisible = 0;
			defaultConfigurationName = Release;
		};
		99EA40A525F4629500557373 /* Build configuration list for PBXNativeTarget "MyMemory" */ = {
			isa = XCConfigurationList;
			buildConfigurations = (
				99EA40A625F4629500557373 /* Debug */,
				99EA40A725F4629500557373 /* Release */,
			);
			defaultConfigurationIsVisible = 0;
			defaultConfigurationName = Release;
		};
/* End XCConfigurationList section */

/* Begin XCVersionGroup section */
		99EA409A25F4629400557373 /* MyMemory.xcdatamodeld */ = {
			isa = XCVersionGroup;
			children = (
				99EA409B25F4629400557373 /* MyMemory.xcdatamodel */,
			);
			currentVersion = 99EA409B25F4629400557373 /* MyMemory.xcdatamodel */;
			path = MyMemory.xcdatamodeld;
			sourceTree = "<group>";
			versionGroupType = wrapper.xcdatamodel;
		};
/* End XCVersionGroup section */
	};
	rootObject = 99EA408625F4629400557373 /* Project object */;
}
